{
    "_meta": {
        "hash": {
            "sha256": "19bf68de487c12ff3c2e8ad4270e736b5c5445d704d05ee0fd1fe397a680b5b6"
        },
        "pipfile-spec": 6,
        "requires": {
            "python_version": "3.10"
        },
        "sources": [
            {
                "name": "pypi",
                "url": "https://pypi.org/simple",
                "verify_ssl": true
            }
        ]
    },
    "default": {
        "oauthlib": {
            "hashes": [
                "sha256:23a8208d75b902797ea29fd31fa80a15ed9dc2c6c16fe73f5d346f83f6fa27a2",
                "sha256:6db33440354787f9b7f3a6dbd4febf5d0f93758354060e802f6c06cb493022fe"
            ],
            "index": "pypi",
            "version": "==3.2.0"
        }
    },
    "develop": {}
}
